
Microsoft Visual Studio Solution File, Format Version 12.00
# Visual Studio Version 16
VisualStudioVersion = 16.0.810.23
MinimumVisualStudioVersion = 10.0.40219.1
Project("{FAE04EC0-301F-11D3-BF4B-00C04F79EFBC}") = "App.CurrencyHistory", "App.CurrencyHistory\App.CurrencyHistory.csproj", "{A91D1DC2-A035-4735-8D75-FAB76E3FA809}"
EndProject
Project("{FAE04EC0-301F-11D3-BF4B-00C04F79EFBC}") = "App.CurrencyHistory.Common", "..\App.CurrencyHistory.Common\App.CurrencyHistory.Common.csproj", "{99360F16-7A2D-40E1-8B33-9F117A4EDDFF}"
EndProject
Project("{FAE04EC0-301F-11D3-BF4B-00C04F79EFBC}") = "App.CurrencyHistory.Data", "..\App.CurrencyHistory.Data\App.CurrencyHistory.Data.csproj", "{A34C3B0C-5554-44B3-9CDB-41BE6F487BAD}"
EndProject
Global
	GlobalSection(SolutionConfigurationPlatforms) = preSolution
		Debug|Any CPU = Debug|Any CPU
		Release|Any CPU = Release|Any CPU
	EndGlobalSection
	GlobalSection(ProjectConfigurationPlatforms) = postSolution
		{A91D1DC2-A035-4735-8D75-FAB76E3FA809}.Debug|Any CPU.ActiveCfg = Debug|Any CPU
		{A91D1DC2-A035-4735-8D75-FAB76E3FA809}.Debug|Any CPU.Build.0 = Debug|Any CPU
		{A91D1DC2-A035-4735-8D75-FAB76E3FA809}.Release|Any CPU.ActiveCfg = Release|Any CPU
		{A91D1DC2-A035-4735-8D75-FAB76E3FA809}.Release|Any CPU.Build.0 = Release|Any CPU
		{99360F16-7A2D-40E1-8B33-9F117A4EDDFF}.Debug|Any CPU.ActiveCfg = Debug|Any CPU
		{99360F16-7A2D-40E1-8B33-9F117A4EDDFF}.Debug|Any CPU.Build.0 = Debug|Any CPU
		{99360F16-7A2D-40E1-8B33-9F117A4EDDFF}.Release|Any CPU.ActiveCfg = Release|Any CPU
		{99360F16-7A2D-40E1-8B33-9F117A4EDDFF}.Release|Any CPU.Build.0 = Release|Any CPU
		{A34C3B0C-5554-44B3-9CDB-41BE6F487BAD}.Debug|Any CPU.ActiveCfg = Debug|Any CPU
		{A34C3B0C-5554-44B3-9CDB-41BE6F487BAD}.Debug|Any CPU.Build.0 = Debug|Any CPU
		{A34C3B0C-5554-44B3-9CDB-41BE6F487BAD}.Release|Any CPU.ActiveCfg = Release|Any CPU
		{A34C3B0C-5554-44B3-9CDB-41BE6F487BAD}.Release|Any CPU.Build.0 = Release|Any CPU
	EndGlobalSection
	GlobalSection(SolutionProperties) = preSolution
		HideSolutionNode = FALSE
	EndGlobalSection
	GlobalSection(ExtensibilityGlobals) = postSolution
		SolutionGuid = {F83B7800-A895-4E80-9FF0-C41C5DAF4689}
	EndGlobalSection
EndGlobal
